
Microsoft Visual Studio Solution File, Format Version 12.00
# Visual Studio 14
VisualStudioVersion = 14.0.25123.0
MinimumVisualStudioVersion = 10.0.40219.1
Project("{8BC9CEB8-8B4A-11D0-8D11-00A0C91BC942}") = "Graphics", "Graphics.vcxproj", "{EEDFD4D5-F620-4EB6-9D2B-659F0E1FD7D7}"
EndProject
Project("{8BC9CEB8-8B4A-11D0-8D11-00A0C91BC942}") = "01-HelloTriangle", "tests\01-HelloTriangle\01-HelloTriangle.vcxproj", "{176F6711-52AC-4FCD-872F-67031A9B6C99}"
	ProjectSection(ProjectDependencies) = postProject
		{EEDFD4D5-F620-4EB6-9D2B-659F0E1FD7D7} = {EEDFD4D5-F620-4EB6-9D2B-659F0E1FD7D7}
	EndProjectSection
EndProject
Project("{8BC9CEB8-8B4A-11D0-8D11-00A0C91BC942}") = "02-UniText", "tests\02-UniText\02-UniText.vcxproj", "{E8B960A9-DF55-4A8A-995C-AADD6FA1B745}"
	ProjectSection(ProjectDependencies) = postProject
		{EEDFD4D5-F620-4EB6-9D2B-659F0E1FD7D7} = {EEDFD4D5-F620-4EB6-9D2B-659F0E1FD7D7}
	EndProjectSection
EndProject
Project("{8BC9CEB8-8B4A-11D0-8D11-00A0C91BC942}") = "03-tdraw", "tests\03-tdraw\03-tdraw.vcxproj", "{69C1F08A-B7EB-4DE1-8C5E-DFA561949DAC}"
	ProjectSection(ProjectDependencies) = postProject
		{EEDFD4D5-F620-4EB6-9D2B-659F0E1FD7D7} = {EEDFD4D5-F620-4EB6-9D2B-659F0E1FD7D7}
	EndProjectSection
EndProject
Project("{8BC9CEB8-8B4A-11D0-8D11-00A0C91BC942}") = "04-FromDisk", "tests\04-FromDisk\04-FromDisk.vcxproj", "{2261A9B2-D9E4-4683-8F0B-B984EF48B141}"
	ProjectSection(ProjectDependencies) = postProject
		{EEDFD4D5-F620-4EB6-9D2B-659F0E1FD7D7} = {EEDFD4D5-F620-4EB6-9D2B-659F0E1FD7D7}
	EndProjectSection
EndProject
Project("{8BC9CEB8-8B4A-11D0-8D11-00A0C91BC942}") = "shaders", "resources\shaders\shaders.vcxproj", "{180022D7-8324-43A1-9115-73A613E88C99}"
EndProject
Project("{8BC9CEB8-8B4A-11D0-8D11-00A0C91BC942}") = "05-MVP", "tests\05-MVP\05-MVP.vcxproj", "{3C41B56F-D517-4C3F-B594-FDCA423A0B58}"
	ProjectSection(ProjectDependencies) = postProject
		{EEDFD4D5-F620-4EB6-9D2B-659F0E1FD7D7} = {EEDFD4D5-F620-4EB6-9D2B-659F0E1FD7D7}
	EndProjectSection
EndProject
Project("{8BC9CEB8-8B4A-11D0-8D11-00A0C91BC942}") = "06-Lights", "tests\06-Lights\06-Lights.vcxproj", "{DFB787F0-E677-4605-8656-47DCD9824AFB}"
	ProjectSection(ProjectDependencies) = postProject
		{EEDFD4D5-F620-4EB6-9D2B-659F0E1FD7D7} = {EEDFD4D5-F620-4EB6-9D2B-659F0E1FD7D7}
	EndProjectSection
EndProject
Project("{8BC9CEB8-8B4A-11D0-8D11-00A0C91BC942}") = "07-Materials", "tests\07-Materials\07-Materials.vcxproj", "{186CB7BB-0235-48CB-B3AD-0441273EBE9E}"
	ProjectSection(ProjectDependencies) = postProject
		{EEDFD4D5-F620-4EB6-9D2B-659F0E1FD7D7} = {EEDFD4D5-F620-4EB6-9D2B-659F0E1FD7D7}
	EndProjectSection
EndProject
Project("{8BC9CEB8-8B4A-11D0-8D11-00A0C91BC942}") = "09-Shadows", "tests\09-Shadows\09-Shadows.vcxproj", "{5FE910DB-758C-4E12-8A90-EC7A38FD9E09}"
EndProject
Project("{8BC9CEB8-8B4A-11D0-8D11-00A0C91BC942}") = "10-Deferred", "tests\10-Deferred\10-Deferred.vcxproj", "{49A54CD7-ED6D-4B37-8819-63347BA8BDA3}"
	ProjectSection(ProjectDependencies) = postProject
		{EEDFD4D5-F620-4EB6-9D2B-659F0E1FD7D7} = {EEDFD4D5-F620-4EB6-9D2B-659F0E1FD7D7}
	EndProjectSection
EndProject
Project("{8BC9CEB8-8B4A-11D0-8D11-00A0C91BC942}") = "AssessmentProject", "tests\AssessmentProject\AssessmentProject.vcxproj", "{6EA14D1A-B75F-46CB-9000-601C0CD253AF}"
	ProjectSection(ProjectDependencies) = postProject
		{EEDFD4D5-F620-4EB6-9D2B-659F0E1FD7D7} = {EEDFD4D5-F620-4EB6-9D2B-659F0E1FD7D7}
	EndProjectSection
EndProject
Global
	GlobalSection(SolutionConfigurationPlatforms) = preSolution
		Debug|x64 = Debug|x64
		Debug|x86 = Debug|x86
		Release|x64 = Release|x64
		Release|x86 = Release|x86
	EndGlobalSection
	GlobalSection(ProjectConfigurationPlatforms) = postSolution
		{EEDFD4D5-F620-4EB6-9D2B-659F0E1FD7D7}.Debug|x64.ActiveCfg = Debug|x64
		{EEDFD4D5-F620-4EB6-9D2B-659F0E1FD7D7}.Debug|x64.Build.0 = Debug|x64
		{EEDFD4D5-F620-4EB6-9D2B-659F0E1FD7D7}.Debug|x86.ActiveCfg = Debug|Win32
		{EEDFD4D5-F620-4EB6-9D2B-659F0E1FD7D7}.Debug|x86.Build.0 = Debug|Win32
		{EEDFD4D5-F620-4EB6-9D2B-659F0E1FD7D7}.Release|x64.ActiveCfg = Release|x64
		{EEDFD4D5-F620-4EB6-9D2B-659F0E1FD7D7}.Release|x64.Build.0 = Release|x64
		{EEDFD4D5-F620-4EB6-9D2B-659F0E1FD7D7}.Release|x86.ActiveCfg = Release|Win32
		{EEDFD4D5-F620-4EB6-9D2B-659F0E1FD7D7}.Release|x86.Build.0 = Release|Win32
		{176F6711-52AC-4FCD-872F-67031A9B6C99}.Debug|x64.ActiveCfg = Debug|x64
		{176F6711-52AC-4FCD-872F-67031A9B6C99}.Debug|x64.Build.0 = Debug|x64
		{176F6711-52AC-4FCD-872F-67031A9B6C99}.Debug|x86.ActiveCfg = Debug|Win32
		{176F6711-52AC-4FCD-872F-67031A9B6C99}.Debug|x86.Build.0 = Debug|Win32
		{176F6711-52AC-4FCD-872F-67031A9B6C99}.Release|x64.ActiveCfg = Release|x64
		{176F6711-52AC-4FCD-872F-67031A9B6C99}.Release|x64.Build.0 = Release|x64
		{176F6711-52AC-4FCD-872F-67031A9B6C99}.Release|x86.ActiveCfg = Release|Win32
		{176F6711-52AC-4FCD-872F-67031A9B6C99}.Release|x86.Build.0 = Release|Win32
		{E8B960A9-DF55-4A8A-995C-AADD6FA1B745}.Debug|x64.ActiveCfg = Debug|x64
		{E8B960A9-DF55-4A8A-995C-AADD6FA1B745}.Debug|x64.Build.0 = Debug|x64
		{E8B960A9-DF55-4A8A-995C-AADD6FA1B745}.Debug|x86.ActiveCfg = Debug|Win32
		{E8B960A9-DF55-4A8A-995C-AADD6FA1B745}.Debug|x86.Build.0 = Debug|Win32
		{E8B960A9-DF55-4A8A-995C-AADD6FA1B745}.Release|x64.ActiveCfg = Release|x64
		{E8B960A9-DF55-4A8A-995C-AADD6FA1B745}.Release|x64.Build.0 = Release|x64
		{E8B960A9-DF55-4A8A-995C-AADD6FA1B745}.Release|x86.ActiveCfg = Release|Win32
		{E8B960A9-DF55-4A8A-995C-AADD6FA1B745}.Release|x86.Build.0 = Release|Win32
		{69C1F08A-B7EB-4DE1-8C5E-DFA561949DAC}.Debug|x64.ActiveCfg = Debug|x64
		{69C1F08A-B7EB-4DE1-8C5E-DFA561949DAC}.Debug|x64.Build.0 = Debug|x64
		{69C1F08A-B7EB-4DE1-8C5E-DFA561949DAC}.Debug|x86.ActiveCfg = Debug|Win32
		{69C1F08A-B7EB-4DE1-8C5E-DFA561949DAC}.Debug|x86.Build.0 = Debug|Win32
		{69C1F08A-B7EB-4DE1-8C5E-DFA561949DAC}.Release|x64.ActiveCfg = Release|x64
		{69C1F08A-B7EB-4DE1-8C5E-DFA561949DAC}.Release|x64.Build.0 = Release|x64
		{69C1F08A-B7EB-4DE1-8C5E-DFA561949DAC}.Release|x86.ActiveCfg = Release|Win32
		{69C1F08A-B7EB-4DE1-8C5E-DFA561949DAC}.Release|x86.Build.0 = Release|Win32
		{2261A9B2-D9E4-4683-8F0B-B984EF48B141}.Debug|x64.ActiveCfg = Debug|x64
		{2261A9B2-D9E4-4683-8F0B-B984EF48B141}.Debug|x64.Build.0 = Debug|x64
		{2261A9B2-D9E4-4683-8F0B-B984EF48B141}.Debug|x86.ActiveCfg = Debug|Win32
		{2261A9B2-D9E4-4683-8F0B-B984EF48B141}.Debug|x86.Build.0 = Debug|Win32
		{2261A9B2-D9E4-4683-8F0B-B984EF48B141}.Release|x64.ActiveCfg = Release|x64
		{2261A9B2-D9E4-4683-8F0B-B984EF48B141}.Release|x64.Build.0 = Release|x64
		{2261A9B2-D9E4-4683-8F0B-B984EF48B141}.Release|x86.ActiveCfg = Release|Win32
		{2261A9B2-D9E4-4683-8F0B-B984EF48B141}.Release|x86.Build.0 = Release|Win32
		{180022D7-8324-43A1-9115-73A613E88C99}.Debug|x64.ActiveCfg = Debug|x64
		{180022D7-8324-43A1-9115-73A613E88C99}.Debug|x64.Build.0 = Debug|x64
		{180022D7-8324-43A1-9115-73A613E88C99}.Debug|x86.ActiveCfg = Debug|Win32
		{180022D7-8324-43A1-9115-73A613E88C99}.Debug|x86.Build.0 = Debug|Win32
		{180022D7-8324-43A1-9115-73A613E88C99}.Release|x64.ActiveCfg = Release|x64
		{180022D7-8324-43A1-9115-73A613E88C99}.Release|x64.Build.0 = Release|x64
		{180022D7-8324-43A1-9115-73A613E88C99}.Release|x86.ActiveCfg = Release|Win32
		{180022D7-8324-43A1-9115-73A613E88C99}.Release|x86.Build.0 = Release|Win32
		{3C41B56F-D517-4C3F-B594-FDCA423A0B58}.Debug|x64.ActiveCfg = Debug|x64
		{3C41B56F-D517-4C3F-B594-FDCA423A0B58}.Debug|x64.Build.0 = Debug|x64
		{3C41B56F-D517-4C3F-B594-FDCA423A0B58}.Debug|x86.ActiveCfg = Debug|Win32
		{3C41B56F-D517-4C3F-B594-FDCA423A0B58}.Debug|x86.Build.0 = Debug|Win32
		{3C41B56F-D517-4C3F-B594-FDCA423A0B58}.Release|x64.ActiveCfg = Release|x64
		{3C41B56F-D517-4C3F-B594-FDCA423A0B58}.Release|x64.Build.0 = Release|x64
		{3C41B56F-D517-4C3F-B594-FDCA423A0B58}.Release|x86.ActiveCfg = Release|Win32
		{3C41B56F-D517-4C3F-B594-FDCA423A0B58}.Release|x86.Build.0 = Release|Win32
		{DFB787F0-E677-4605-8656-47DCD9824AFB}.Debug|x64.ActiveCfg = Debug|x64
		{DFB787F0-E677-4605-8656-47DCD9824AFB}.Debug|x64.Build.0 = Debug|x64
		{DFB787F0-E677-4605-8656-47DCD9824AFB}.Debug|x86.ActiveCfg = Debug|Win32
		{DFB787F0-E677-4605-8656-47DCD9824AFB}.Debug|x86.Build.0 = Debug|Win32
		{DFB787F0-E677-4605-8656-47DCD9824AFB}.Release|x64.ActiveCfg = Release|x64
		{DFB787F0-E677-4605-8656-47DCD9824AFB}.Release|x64.Build.0 = Release|x64
		{DFB787F0-E677-4605-8656-47DCD9824AFB}.Release|x86.ActiveCfg = Release|Win32
		{DFB787F0-E677-4605-8656-47DCD9824AFB}.Release|x86.Build.0 = Release|Win32
		{186CB7BB-0235-48CB-B3AD-0441273EBE9E}.Debug|x64.ActiveCfg = Debug|x64
		{186CB7BB-0235-48CB-B3AD-0441273EBE9E}.Debug|x64.Build.0 = Debug|x64
		{186CB7BB-0235-48CB-B3AD-0441273EBE9E}.Debug|x86.ActiveCfg = Debug|Win32
		{186CB7BB-0235-48CB-B3AD-0441273EBE9E}.Debug|x86.Build.0 = Debug|Win32
		{186CB7BB-0235-48CB-B3AD-0441273EBE9E}.Release|x64.ActiveCfg = Release|x64
		{186CB7BB-0235-48CB-B3AD-0441273EBE9E}.Release|x64.Build.0 = Release|x64
		{186CB7BB-0235-48CB-B3AD-0441273EBE9E}.Release|x86.ActiveCfg = Release|Win32
		{186CB7BB-0235-48CB-B3AD-0441273EBE9E}.Release|x86.Build.0 = Release|Win32
		{5FE910DB-758C-4E12-8A90-EC7A38FD9E09}.Debug|x64.ActiveCfg = Debug|x64
		{5FE910DB-758C-4E12-8A90-EC7A38FD9E09}.Debug|x64.Build.0 = Debug|x64
		{5FE910DB-758C-4E12-8A90-EC7A38FD9E09}.Debug|x86.ActiveCfg = Debug|Win32
		{5FE910DB-758C-4E12-8A90-EC7A38FD9E09}.Debug|x86.Build.0 = Debug|Win32
		{5FE910DB-758C-4E12-8A90-EC7A38FD9E09}.Release|x64.ActiveCfg = Release|x64
		{5FE910DB-758C-4E12-8A90-EC7A38FD9E09}.Release|x64.Build.0 = Release|x64
		{5FE910DB-758C-4E12-8A90-EC7A38FD9E09}.Release|x86.ActiveCfg = Release|Win32
		{5FE910DB-758C-4E12-8A90-EC7A38FD9E09}.Release|x86.Build.0 = Release|Win32
		{49A54CD7-ED6D-4B37-8819-63347BA8BDA3}.Debug|x64.ActiveCfg = Debug|x64
		{49A54CD7-ED6D-4B37-8819-63347BA8BDA3}.Debug|x64.Build.0 = Debug|x64
		{49A54CD7-ED6D-4B37-8819-63347BA8BDA3}.Debug|x86.ActiveCfg = Debug|Win32
		{49A54CD7-ED6D-4B37-8819-63347BA8BDA3}.Debug|x86.Build.0 = Debug|Win32
		{49A54CD7-ED6D-4B37-8819-63347BA8BDA3}.Release|x64.ActiveCfg = Release|x64
		{49A54CD7-ED6D-4B37-8819-63347BA8BDA3}.Release|x64.Build.0 = Release|x64
		{49A54CD7-ED6D-4B37-8819-63347BA8BDA3}.Release|x86.ActiveCfg = Release|Win32
		{49A54CD7-ED6D-4B37-8819-63347BA8BDA3}.Release|x86.Build.0 = Release|Win32
		{6EA14D1A-B75F-46CB-9000-601C0CD253AF}.Debug|x64.ActiveCfg = Debug|x64
		{6EA14D1A-B75F-46CB-9000-601C0CD253AF}.Debug|x64.Build.0 = Debug|x64
		{6EA14D1A-B75F-46CB-9000-601C0CD253AF}.Debug|x86.ActiveCfg = Debug|Win32
		{6EA14D1A-B75F-46CB-9000-601C0CD253AF}.Debug|x86.Build.0 = Debug|Win32
		{6EA14D1A-B75F-46CB-9000-601C0CD253AF}.Release|x64.ActiveCfg = Release|x64
		{6EA14D1A-B75F-46CB-9000-601C0CD253AF}.Release|x64.Build.0 = Release|x64
		{6EA14D1A-B75F-46CB-9000-601C0CD253AF}.Release|x86.ActiveCfg = Release|Win32
		{6EA14D1A-B75F-46CB-9000-601C0CD253AF}.Release|x86.Build.0 = Release|Win32
	EndGlobalSection
	GlobalSection(SolutionProperties) = preSolution
		HideSolutionNode = FALSE
	EndGlobalSection
EndGlobal
